
Microsoft Visual Studio Solution File, Format Version 12.00
# Visual Studio Version 16
VisualStudioVersion = 16.0.34407.143
MinimumVisualStudioVersion = 10.0.40219.1
Project("{FAE04EC0-301F-11D3-BF4B-00C04F79EFBC}") = "ECommerce", "ECommerce\ECommerce.csproj", "{9BA72B92-2CB4-4717-BE3D-ACE8F4B619A3}"
EndProject
Project("{FAE04EC0-301F-11D3-BF4B-00C04F79EFBC}") = "LaptopLibrary", "LaptopLibrary\LaptopLibrary.csproj", "{32F71DF9-6213-4170-8499-0C67AEC4CE54}"
EndProject
Global
	GlobalSection(SolutionConfigurationPlatforms) = preSolution
		Debug|Any CPU = Debug|Any CPU
		Release|Any CPU = Release|Any CPU
	EndGlobalSection
	GlobalSection(ProjectConfigurationPlatforms) = postSolution
		{9BA72B92-2CB4-4717-BE3D-ACE8F4B619A3}.Debug|Any CPU.ActiveCfg = Debug|Any CPU
		{9BA72B92-2CB4-4717-BE3D-ACE8F4B619A3}.Debug|Any CPU.Build.0 = Debug|Any CPU
		{9BA72B92-2CB4-4717-BE3D-ACE8F4B619A3}.Release|Any CPU.ActiveCfg = Release|Any CPU
		{9BA72B92-2CB4-4717-BE3D-ACE8F4B619A3}.Release|Any CPU.Build.0 = Release|Any CPU
		{32F71DF9-6213-4170-8499-0C67AEC4CE54}.Debug|Any CPU.ActiveCfg = Debug|Any CPU
		{32F71DF9-6213-4170-8499-0C67AEC4CE54}.Debug|Any CPU.Build.0 = Debug|Any CPU
		{32F71DF9-6213-4170-8499-0C67AEC4CE54}.Release|Any CPU.ActiveCfg = Release|Any CPU
		{32F71DF9-6213-4170-8499-0C67AEC4CE54}.Release|Any CPU.Build.0 = Release|Any CPU
	EndGlobalSection
	GlobalSection(SolutionProperties) = preSolution
		HideSolutionNode = FALSE
	EndGlobalSection
	GlobalSection(ExtensibilityGlobals) = postSolution
		SolutionGuid = {5B58938A-3070-4F59-B833-B9F3D2F7C75D}
	EndGlobalSection
EndGlobal
